// !$*UTF8*$!
{
	archiveVersion = 1;
	classes = {
	};
	objectVersion = 50;
	objects = {

/* Begin PBXBuildFile section */
		49B416552468556300B2EA91 /* AppDelegate.swift in Sources */ = {isa = PBXBuildFile; fileRef = 49B416542468556300B2EA91 /* AppDelegate.swift */; };
		49B416572468556300B2EA91 /* SceneDelegate.swift in Sources */ = {isa = PBXBuildFile; fileRef = 49B416562468556300B2EA91 /* SceneDelegate.swift */; };
		49B416592468556300B2EA91 /* ContentView.swift in Sources */ = {isa = PBXBuildFile; fileRef = 49B416582468556300B2EA91 /* ContentView.swift */; };
		49B4165B2468556500B2EA91 /* Assets.xcassets in Resources */ = {isa = PBXBuildFile; fileRef = 49B4165A2468556500B2EA91 /* Assets.xcassets */; };
		49B4165E2468556500B2EA91 /* Preview Assets.xcassets in Resources */ = {isa = PBXBuildFile; fileRef = 49B4165D2468556500B2EA91 /* Preview Assets.xcassets */; };
		49B416612468556500B2EA91 /* LaunchScreen.storyboard in Resources */ = {isa = PBXBuildFile; fileRef = 49B4165F2468556500B2EA91 /* LaunchScreen.storyboard */; };
		49B4166C2468556500B2EA91 /* UnderTimesTests.swift in Sources */ = {isa = PBXBuildFile; fileRef = 49B4166B2468556500B2EA91 /* UnderTimesTests.swift */; };
		49B416772468556500B2EA91 /* UnderTimesUITests.swift in Sources */ = {isa = PBXBuildFile; fileRef = 49B416762468556500B2EA91 /* UnderTimesUITests.swift */; };
		49B416882468559F00B2EA91 /* DummyData.swift in Sources */ = {isa = PBXBuildFile; fileRef = 49B416842468559F00B2EA91 /* DummyData.swift */; };
		49B416892468559F00B2EA91 /* Article.swift in Sources */ = {isa = PBXBuildFile; fileRef = 49B416852468559F00B2EA91 /* Article.swift */; };
		49B4168A2468559F00B2EA91 /* ArticleView.swift in Sources */ = {isa = PBXBuildFile; fileRef = 49B416862468559F00B2EA91 /* ArticleView.swift */; };
		49EBB85C2469BB7400332D3A /* API.swift in Sources */ = {isa = PBXBuildFile; fileRef = 49EBB85B2469BB7400332D3A /* API.swift */; };
/* End PBXBuildFile section */

/* Begin PBXContainerItemProxy section */
		49B416682468556500B2EA91 /* PBXContainerItemProxy */ = {
			isa = PBXContainerItemProxy;
			containerPortal = 49B416492468556300B2EA91 /* Project object */;
			proxyType = 1;
			remoteGlobalIDString = 49B416502468556300B2EA91;
			remoteInfo = UnderTimes;
		};
		49B416732468556500B2EA91 /* PBXContainerItemProxy */ = {
			isa = PBXContainerItemProxy;
			containerPortal = 49B416492468556300B2EA91 /* Project object */;
			proxyType = 1;
			remoteGlobalIDString = 49B416502468556300B2EA91;
			remoteInfo = UnderTimes;
		};
/* End PBXContainerItemProxy section */

/* Begin PBXFileReference section */
		49B416512468556300B2EA91 /* UnderTimes.app */ = {isa = PBXFileReference; explicitFileType = wrapper.application; includeInIndex = 0; path = UnderTimes.app; sourceTree = BUILT_PRODUCTS_DIR; };
		49B416542468556300B2EA91 /* AppDelegate.swift */ = {isa = PBXFileReference; lastKnownFileType = sourcecode.swift; path = AppDelegate.swift; sourceTree = "<group>"; };
		49B416562468556300B2EA91 /* SceneDelegate.swift */ = {isa = PBXFileReference; lastKnownFileType = sourcecode.swift; path = SceneDelegate.swift; sourceTree = "<group>"; };
		49B416582468556300B2EA91 /* ContentView.swift */ = {isa = PBXFileReference; lastKnownFileType = sourcecode.swift; path = ContentView.swift; sourceTree = "<group>"; };
		49B4165A2468556500B2EA91 /* Assets.xcassets */ = {isa = PBXFileReference; lastKnownFileType = folder.assetcatalog; path = Assets.xcassets; sourceTree = "<group>"; };
		49B4165D2468556500B2EA91 /* Preview Assets.xcassets */ = {isa = PBXFileReference; lastKnownFileType = folder.assetcatalog; path = "Preview Assets.xcassets"; sourceTree = "<group>"; };
		49B416602468556500B2EA91 /* Base */ = {isa = PBXFileReference; lastKnownFileType = file.storyboard; name = Base; path = Base.lproj/LaunchScreen.storyboard; sourceTree = "<group>"; };
		49B416622468556500B2EA91 /* Info.plist */ = {isa = PBXFileReference; lastKnownFileType = text.plist.xml; path = Info.plist; sourceTree = "<group>"; };
		49B416672468556500B2EA91 /* UnderTimesTests.xctest */ = {isa = PBXFileReference; explicitFileType = wrapper.cfbundle; includeInIndex = 0; path = UnderTimesTests.xctest; sourceTree = BUILT_PRODUCTS_DIR; };
		49B4166B2468556500B2EA91 /* UnderTimesTests.swift */ = {isa = PBXFileReference; lastKnownFileType = sourcecode.swift; path = UnderTimesTests.swift; sourceTree = "<group>"; };
		49B4166D2468556500B2EA91 /* Info.plist */ = {isa = PBXFileReference; lastKnownFileType = text.plist.xml; path = Info.plist; sourceTree = "<group>"; };
		49B416722468556500B2EA91 /* UnderTimesUITests.xctest */ = {isa = PBXFileReference; explicitFileType = wrapper.cfbundle; includeInIndex = 0; path = UnderTimesUITests.xctest; sourceTree = BUILT_PRODUCTS_DIR; };
		49B416762468556500B2EA91 /* UnderTimesUITests.swift */ = {isa = PBXFileReference; lastKnownFileType = sourcecode.swift; path = UnderTimesUITests.swift; sourceTree = "<group>"; };
		49B416782468556500B2EA91 /* Info.plist */ = {isa = PBXFileReference; lastKnownFileType = text.plist.xml; path = Info.plist; sourceTree = "<group>"; };
		49B416842468559F00B2EA91 /* DummyData.swift */ = {isa = PBXFileReference; fileEncoding = 4; lastKnownFileType = sourcecode.swift; path = DummyData.swift; sourceTree = "<group>"; };
		49B416852468559F00B2EA91 /* Article.swift */ = {isa = PBXFileReference; fileEncoding = 4; lastKnownFileType = sourcecode.swift; path = Article.swift; sourceTree = "<group>"; };
		49B416862468559F00B2EA91 /* ArticleView.swift */ = {isa = PBXFileReference; fileEncoding = 4; lastKnownFileType = sourcecode.swift; path = ArticleView.swift; sourceTree = "<group>"; };
		49EBB85B2469BB7400332D3A /* API.swift */ = {isa = PBXFileReference; lastKnownFileType = sourcecode.swift; path = API.swift; sourceTree = "<group>"; };
/* End PBXFileReference section */

/* Begin PBXFrameworksBuildPhase section */
		49B4164E2468556300B2EA91 /* Frameworks */ = {
			isa = PBXFrameworksBuildPhase;
			buildActionMask = 2147483647;
			files = (
			);
			runOnlyForDeploymentPostprocessing = 0;
		};
		49B416642468556500B2EA91 /* Frameworks */ = {
			isa = PBXFrameworksBuildPhase;
			buildActionMask = 2147483647;
			files = (
			);
			runOnlyForDeploymentPostprocessing = 0;
		};
		49B4166F2468556500B2EA91 /* Frameworks */ = {
			isa = PBXFrameworksBuildPhase;
			buildActionMask = 2147483647;
			files = (
			);
			runOnlyForDeploymentPostprocessing = 0;
		};
/* End PBXFrameworksBuildPhase section */

/* Begin PBXGroup section */
		49B416482468556300B2EA91 = {
			isa = PBXGroup;
			children = (
				49B416532468556300B2EA91 /* UnderTimes */,
				49B4166A2468556500B2EA91 /* UnderTimesTests */,
				49B416752468556500B2EA91 /* UnderTimesUITests */,
				49B416522468556300B2EA91 /* Products */,
			);
			sourceTree = "<group>";
		};
		49B416522468556300B2EA91 /* Products */ = {
			isa = PBXGroup;
			children = (
				49B416512468556300B2EA91 /* UnderTimes.app */,
				49B416672468556500B2EA91 /* UnderTimesTests.xctest */,
				49B416722468556500B2EA91 /* UnderTimesUITests.xctest */,
			);
			name = Products;
			sourceTree = "<group>";
		};
		49B416532468556300B2EA91 /* UnderTimes */ = {
			isa = PBXGroup;
			children = (
				49B416542468556300B2EA91 /* AppDelegate.swift */,
				49B416562468556300B2EA91 /* SceneDelegate.swift */,
				49B416582468556300B2EA91 /* ContentView.swift */,
				49B416852468559F00B2EA91 /* Article.swift */,
				49B416862468559F00B2EA91 /* ArticleView.swift */,
				49B416842468559F00B2EA91 /* DummyData.swift */,
				49EBB85B2469BB7400332D3A /* API.swift */,
				49B4165A2468556500B2EA91 /* Assets.xcassets */,
				49B4165F2468556500B2EA91 /* LaunchScreen.storyboard */,
				49B416622468556500B2EA91 /* Info.plist */,
				49B4165C2468556500B2EA91 /* Preview Content */,
			);
			path = UnderTimes;
			sourceTree = "<group>";
		};
		49B4165C2468556500B2EA91 /* Preview Content */ = {
			isa = PBXGroup;
			children = (
				49B4165D2468556500B2EA91 /* Preview Assets.xcassets */,
			);
			path = "Preview Content";
			sourceTree = "<group>";
		};
		49B4166A2468556500B2EA91 /* UnderTimesTests */ = {
			isa = PBXGroup;
			children = (
				49B4166B2468556500B2EA91 /* UnderTimesTests.swift */,
				49B4166D2468556500B2EA91 /* Info.plist */,
			);
			path = UnderTimesTests;
			sourceTree = "<group>";
		};
		49B416752468556500B2EA91 /* UnderTimesUITests */ = {
			isa = PBXGroup;
			children = (
				49B416762468556500B2EA91 /* UnderTimesUITests.swift */,
				49B416782468556500B2EA91 /* Info.plist */,
			);
			path = UnderTimesUITests;
			sourceTree = "<group>";
		};
/* End PBXGroup section */

/* Begin PBXNativeTarget section */
		49B416502468556300B2EA91 /* UnderTimes */ = {
			isa = PBXNativeTarget;
			buildConfigurationList = 49B4167B2468556500B2EA91 /* Build configuration list for PBXNativeTarget "UnderTimes" */;
			buildPhases = (
				49B4164D2468556300B2EA91 /* Sources */,
				49B4164E2468556300B2EA91 /* Frameworks */,
				49B4164F2468556300B2EA91 /* Resources */,
			);
			buildRules = (
			);
			dependencies = (
			);
			name = UnderTimes;
			productName = UnderTimes;
			productReference = 49B416512468556300B2EA91 /* UnderTimes.app */;
			productType = "com.apple.product-type.application";
		};
		49B416662468556500B2EA91 /* UnderTimesTests */ = {
			isa = PBXNativeTarget;
			buildConfigurationList = 49B4167E2468556500B2EA91 /* Build configuration list for PBXNativeTarget "UnderTimesTests" */;
			buildPhases = (
				49B416632468556500B2EA91 /* Sources */,
				49B416642468556500B2EA91 /* Frameworks */,
				49B416652468556500B2EA91 /* Resources */,
			);
			buildRules = (
			);
			dependencies = (
				49B416692468556500B2EA91 /* PBXTargetDependency */,
			);
			name = UnderTimesTests;
			productName = UnderTimesTests;
			productReference = 49B416672468556500B2EA91 /* UnderTimesTests.xctest */;
			productType = "com.apple.product-type.bundle.unit-test";
		};
		49B416712468556500B2EA91 /* UnderTimesUITests */ = {
			isa = PBXNativeTarget;
			buildConfigurationList = 49B416812468556500B2EA91 /* Build configuration list for PBXNativeTarget "UnderTimesUITests" */;
			buildPhases = (
				49B4166E2468556500B2EA91 /* Sources */,
				49B4166F2468556500B2EA91 /* Frameworks */,
				49B416702468556500B2EA91 /* Resources */,
			);
			buildRules = (
			);
			dependencies = (
				49B416742468556500B2EA91 /* PBXTargetDependency */,
			);
			name = UnderTimesUITests;
			productName = UnderTimesUITests;
			productReference = 49B416722468556500B2EA91 /* UnderTimesUITests.xctest */;
			productType = "com.apple.product-type.bundle.ui-testing";
		};
/* End PBXNativeTarget section */

/* Begin PBXProject section */
		49B416492468556300B2EA91 /* Project object */ = {
			isa = PBXProject;
			attributes = {
				LastSwiftUpdateCheck = 1130;
				LastUpgradeCheck = 1130;
				ORGANIZATIONNAME = escapeanaemia;
				TargetAttributes = {
					49B416502468556300B2EA91 = {
						CreatedOnToolsVersion = 11.3;
					};
					49B416662468556500B2EA91 = {
						CreatedOnToolsVersion = 11.3;
						TestTargetID = 49B416502468556300B2EA91;
					};
					49B416712468556500B2EA91 = {
						CreatedOnToolsVersion = 11.3;
						TestTargetID = 49B416502468556300B2EA91;
					};
				};
			};
			buildConfigurationList = 49B4164C2468556300B2EA91 /* Build configuration list for PBXProject "UnderTimes" */;
			compatibilityVersion = "Xcode 9.3";
			developmentRegion = en;
			hasScannedForEncodings = 0;
			knownRegions = (
				en,
				Base,
			);
			mainGroup = 49B416482468556300B2EA91;
			productRefGroup = 49B416522468556300B2EA91 /* Products */;
			projectDirPath = "";
			projectRoot = "";
			targets = (
				49B416502468556300B2EA91 /* UnderTimes */,
				49B416662468556500B2EA91 /* UnderTimesTests */,
				49B416712468556500B2EA91 /* UnderTimesUITests */,
			);
		};
/* End PBXProject section */

/* Begin PBXResourcesBuildPhase section */
		49B4164F2468556300B2EA91 /* Resources */ = {
			isa = PBXResourcesBuildPhase;
			buildActionMask = 2147483647;
			files = (
				49B416612468556500B2EA91 /* LaunchScreen.storyboard in Resources */,
				49B4165E2468556500B2EA91 /* Preview Assets.xcassets in Resources */,
				49B4165B2468556500B2EA91 /* Assets.xcassets in Resources */,
			);
			runOnlyForDeploymentPostprocessing = 0;
		};
		49B416652468556500B2EA91 /* Resources */ = {
			isa = PBXResourcesBuildPhase;
			buildActionMask = 2147483647;
			files = (
			);
			runOnlyForDeploymentPostprocessing = 0;
		};
		49B416702468556500B2EA91 /* Resources */ = {
			isa = PBXResourcesBuildPhase;
			buildActionMask = 2147483647;
			files = (
			);
			runOnlyForDeploymentPostprocessing = 0;
		};
/* End PBXResourcesBuildPhase section */

/* Begin PBXSourcesBuildPhase section */
		49B4164D2468556300B2EA91 /* Sources */ = {
			isa = PBXSourcesBuildPhase;
			buildActionMask = 2147483647;
			files = (
				49B416882468559F00B2EA91 /* DummyData.swift in Sources */,
				49B4168A2468559F00B2EA91 /* ArticleView.swift in Sources */,
				49B416552468556300B2EA91 /* AppDelegate.swift in Sources */,
				49B416572468556300B2EA91 /* SceneDelegate.swift in Sources */,
				49B416592468556300B2EA91 /* ContentView.swift in Sources */,
				49B416892468559F00B2EA91 /* Article.swift in Sources */,
				49EBB85C2469BB7400332D3A /* API.swift in Sources */,
			);
			runOnlyForDeploymentPostprocessing = 0;
		};
		49B416632468556500B2EA91 /* Sources */ = {
			isa = PBXSourcesBuildPhase;
			buildActionMask = 2147483647;
			files = (
				49B4166C2468556500B2EA91 /* UnderTimesTests.swift in Sources */,
			);
			runOnlyForDeploymentPostprocessing = 0;
		};
		49B4166E2468556500B2EA91 /* Sources */ = {
			isa = PBXSourcesBuildPhase;
			buildActionMask = 2147483647;
			files = (
				49B416772468556500B2EA91 /* UnderTimesUITests.swift in Sources */,
			);
			runOnlyForDeploymentPostprocessing = 0;
		};
/* End PBXSourcesBuildPhase section */

/* Begin PBXTargetDependency section */
		49B416692468556500B2EA91 /* PBXTargetDependency */ = {
			isa = PBXTargetDependency;
			target = 49B416502468556300B2EA91 /* UnderTimes */;
			targetProxy = 49B416682468556500B2EA91 /* PBXContainerItemProxy */;
		};
		49B416742468556500B2EA91 /* PBXTargetDependency */ = {
			isa = PBXTargetDependency;
			target = 49B416502468556300B2EA91 /* UnderTimes */;
			targetProxy = 49B416732468556500B2EA91 /* PBXContainerItemProxy */;
		};
/* End PBXTargetDependency section */

/* Begin PBXVariantGroup section */
		49B4165F2468556500B2EA91 /* LaunchScreen.storyboard */ = {
			isa = PBXVariantGroup;
			children = (
				49B416602468556500B2EA91 /* Base */,
			);
			name = LaunchScreen.storyboard;
			sourceTree = "<group>";
		};
/* End PBXVariantGroup section */

/* Begin XCBuildConfiguration section */
		49B416792468556500B2EA91 /* Debug */ = {
			isa = XCBuildConfiguration;
			buildSettings = {
				ALWAYS_SEARCH_USER_PATHS = NO;
				CLANG_ANALYZER_NONNULL = YES;
				CLANG_ANALYZER_NUMBER_OBJECT_CONVERSION = YES_AGGRESSIVE;
				CLANG_CXX_LANGUAGE_STANDARD = "gnu++14";
				CLANG_CXX_LIBRARY = "libc++";
				CLANG_ENABLE_MODULES = YES;
				CLANG_ENABLE_OBJC_ARC = YES;
				CLANG_ENABLE_OBJC_WEAK = YES;
				CLANG_WARN_BLOCK_CAPTURE_AUTORELEASING = YES;
				CLANG_WARN_BOOL_CONVERSION = YES;
				CLANG_WARN_COMMA = YES;
				CLANG_WARN_CONSTANT_CONVERSION = YES;
				CLANG_WARN_DEPRECATED_OBJC_IMPLEMENTATIONS = YES;
				CLANG_WARN_DIRECT_OBJC_ISA_USAGE = YES_ERROR;
				CLANG_WARN_DOCUMENTATION_COMMENTS = YES;
				CLANG_WARN_EMPTY_BODY = YES;
				CLANG_WARN_ENUM_CONVERSION = YES;
				CLANG_WARN_INFINITE_RECURSION = YES;
				CLANG_WARN_INT_CONVERSION = YES;
				CLANG_WARN_NON_LITERAL_NULL_CONVERSION = YES;
				CLANG_WARN_OBJC_IMPLICIT_RETAIN_SELF = YES;
				CLANG_WARN_OBJC_LITERAL_CONVERSION = YES;
				CLANG_WARN_OBJC_ROOT_CLASS = YES_ERROR;
				CLANG_WARN_RANGE_LOOP_ANALYSIS = YES;
				CLANG_WARN_STRICT_PROTOTYPES = YES;
				CLANG_WARN_SUSPICIOUS_MOVE = YES;
				CLANG_WARN_UNGUARDED_AVAILABILITY = YES_AGGRESSIVE;
				CLANG_WARN_UNREACHABLE_CODE = YES;
				CLANG_WARN__DUPLICATE_METHOD_MATCH = YES;
				COPY_PHASE_STRIP = NO;
				DEBUG_INFORMATION_FORMAT = dwarf;
				ENABLE_STRICT_OBJC_MSGSEND = YES;
				ENABLE_TESTABILITY = YES;
				GCC_C_LANGUAGE_STANDARD = gnu11;
				GCC_DYNAMIC_NO_PIC = NO;
				GCC_NO_COMMON_BLOCKS = YES;
				GCC_OPTIMIZATION_LEVEL = 0;
				GCC_PREPROCESSOR_DEFINITIONS = (
					"DEBUG=1",
					"$(inherited)",
				);
				GCC_WARN_64_TO_32_BIT_CONVERSION = YES;
				GCC_WARN_ABOUT_RETURN_TYPE = YES_ERROR;
				GCC_WARN_UNDECLARED_SELECTOR = YES;
				GCC_WARN_UNINITIALIZED_AUTOS = YES_AGGRESSIVE;
				GCC_WARN_UNUSED_FUNCTION = YES;
				GCC_WARN_UNUSED_VARIABLE = YES;
				IPHONEOS_DEPLOYMENT_TARGET = 13.2;
				MTL_ENABLE_DEBUG_INFO = INCLUDE_SOURCE;
				MTL_FAST_MATH = YES;
				ONLY_ACTIVE_ARCH = YES;
				SDKROOT = iphoneos;
				SWIFT_ACTIVE_COMPILATION_CONDITIONS = DEBUG;
				SWIFT_OPTIMIZATION_LEVEL = "-Onone";
			};
			name = Debug;
		};
		49B4167A2468556500B2EA91 /* Release */ = {
			isa = XCBuildConfiguration;
			buildSettings = {
				ALWAYS_SEARCH_USER_PATHS = NO;
				CLANG_ANALYZER_NONNULL = YES;
				CLANG_ANALYZER_NUMBER_OBJECT_CONVERSION = YES_AGGRESSIVE;
				CLANG_CXX_LANGUAGE_STANDARD = "gnu++14";
				CLANG_CXX_LIBRARY = "libc++";
				CLANG_ENABLE_MODULES = YES;
				CLANG_ENABLE_OBJC_ARC = YES;
				CLANG_ENABLE_OBJC_WEAK = YES;
				CLANG_WARN_BLOCK_CAPTURE_AUTORELEASING = YES;
				CLANG_WARN_BOOL_CONVERSION = YES;
				CLANG_WARN_COMMA = YES;
				CLANG_WARN_CONSTANT_CONVERSION = YES;
				CLANG_WARN_DEPRECATED_OBJC_IMPLEMENTATIONS = YES;
				CLANG_WARN_DIRECT_OBJC_ISA_USAGE = YES_ERROR;
				CLANG_WARN_DOCUMENTATION_COMMENTS = YES;
				CLANG_WARN_EMPTY_BODY = YES;
				CLANG_WARN_ENUM_CONVERSION = YES;
				CLANG_WARN_INFINITE_RECURSION = YES;
				CLANG_WARN_INT_CONVERSION = YES;
				CLANG_WARN_NON_LITERAL_NULL_CONVERSION = YES;
				CLANG_WARN_OBJC_IMPLICIT_RETAIN_SELF = YES;
				CLANG_WARN_OBJC_LITERAL_CONVERSION = YES;
				CLANG_WARN_OBJC_ROOT_CLASS = YES_ERROR;
				CLANG_WARN_RANGE_LOOP_ANALYSIS = YES;
				CLANG_WARN_STRICT_PROTOTYPES = YES;
				CLANG_WARN_SUSPICIOUS_MOVE = YES;
				CLANG_WARN_UNGUARDED_AVAILABILITY = YES_AGGRESSIVE;
				CLANG_WARN_UNREACHABLE_CODE = YES;
				CLANG_WARN__DUPLICATE_METHOD_MATCH = YES;
				COPY_PHASE_STRIP = NO;
				DEBUG_INFORMATION_FORMAT = "dwarf-with-dsym";
				ENABLE_NS_ASSERTIONS = NO;
				ENABLE_STRICT_OBJC_MSGSEND = YES;
				GCC_C_LANGUAGE_STANDARD = gnu11;
				GCC_NO_COMMON_BLOCKS = YES;
				GCC_WARN_64_TO_32_BIT_CONVERSION = YES;
				GCC_WARN_ABOUT_RETURN_TYPE = YES_ERROR;
				GCC_WARN_UNDECLARED_SELECTOR = YES;
				GCC_WARN_UNINITIALIZED_AUTOS = YES_AGGRESSIVE;
				GCC_WARN_UNUSED_FUNCTION = YES;
				GCC_WARN_UNUSED_VARIABLE = YES;
				IPHONEOS_DEPLOYMENT_TARGET = 13.2;
				MTL_ENABLE_DEBUG_INFO = NO;
				MTL_FAST_MATH = YES;
				SDKROOT = iphoneos;
				SWIFT_COMPILATION_MODE = wholemodule;
				SWIFT_OPTIMIZATION_LEVEL = "-O";
				VALIDATE_PRODUCT = YES;
			};
			name = Release;
		};
		49B4167C2468556500B2EA91 /* Debug */ = {
			isa = XCBuildConfiguration;
			buildSettings = {
				ASSETCATALOG_COMPILER_APPICON_NAME = AppIcon;
				CODE_SIGN_STYLE = Automatic;
				DEVELOPMENT_ASSET_PATHS = "\"UnderTimes/Preview Content\"";
				DEVELOPMENT_TEAM = 2Y6MEDAL5W;
				ENABLE_PREVIEWS = YES;
				INFOPLIST_FILE = UnderTimes/Info.plist;
				LD_RUNPATH_SEARCH_PATHS = (
					"$(inherited)",
					"@executable_path/Frameworks",
				);
				PRODUCT_BUNDLE_IDENTIFIER = com.ssu.UnderTimes;
				PRODUCT_NAME = "$(TARGET_NAME)";
				SWIFT_VERSION = 5.0;
				TARGETED_DEVICE_FAMILY = "1,2";
			};
			name = Debug;
		};
		49B4167D2468556500B2EA91 /* Release */ = {
			isa = XCBuildConfiguration;
			buildSettings = {
				ASSETCATALOG_COMPILER_APPICON_NAME = AppIcon;
				CODE_SIGN_STYLE = Automatic;
				DEVELOPMENT_ASSET_PATHS = "\"UnderTimes/Preview Content\"";
				DEVELOPMENT_TEAM = 2Y6MEDAL5W;
				ENABLE_PREVIEWS = YES;
				INFOPLIST_FILE = UnderTimes/Info.plist;
				LD_RUNPATH_SEARCH_PATHS = (
					"$(inherited)",
					"@executable_path/Frameworks",
				);
				PRODUCT_BUNDLE_IDENTIFIER = com.ssu.UnderTimes;
				PRODUCT_NAME = "$(TARGET_NAME)";
				SWIFT_VERSION = 5.0;
				TARGETED_DEVICE_FAMILY = "1,2";
			};
			name = Release;
		};
		49B4167F2468556500B2EA91 /* Debug */ = {
			isa = XCBuildConfiguration;
			buildSettings = {
				ALWAYS_EMBED_SWIFT_STANDARD_LIBRARIES = YES;
				BUNDLE_LOADER = "$(TEST_HOST)";
				CODE_SIGN_STYLE = Automatic;
				DEVELOPMENT_TEAM = 2Y6MEDAL5W;
				INFOPLIST_FILE = UnderTimesTests/Info.plist;
				IPHONEOS_DEPLOYMENT_TARGET = 13.2;
				LD_RUNPATH_SEARCH_PATHS = (
					"$(inherited)",
					"@executable_path/Frameworks",
					"@loader_path/Frameworks",
				);
				PRODUCT_BUNDLE_IDENTIFIER = com.ssu.UnderTimesTests;
				PRODUCT_NAME = "$(TARGET_NAME)";
				SWIFT_VERSION = 5.0;
				TARGETED_DEVICE_FAMILY = "1,2";
				TEST_HOST = "$(BUILT_PRODUCTS_DIR)/UnderTimes.app/UnderTimes";
			};
			name = Debug;
		};
		49B416802468556500B2EA91 /* Release */ = {
			isa = XCBuildConfiguration;
			buildSettings = {
				ALWAYS_EMBED_SWIFT_STANDARD_LIBRARIES = YES;
				BUNDLE_LOADER = "$(TEST_HOST)";
				CODE_SIGN_STYLE = Automatic;
				DEVELOPMENT_TEAM = 2Y6MEDAL5W;
				INFOPLIST_FILE = UnderTimesTests/Info.plist;
				IPHONEOS_DEPLOYMENT_TARGET = 13.2;
				LD_RUNPATH_SEARCH_PATHS = (
					"$(inherited)",
					"@executable_path/Frameworks",
					"@loader_path/Frameworks",
				);
				PRODUCT_BUNDLE_IDENTIFIER = com.ssu.UnderTimesTests;
				PRODUCT_NAME = "$(TARGET_NAME)";
				SWIFT_VERSION = 5.0;
				TARGETED_DEVICE_FAMILY = "1,2";
				TEST_HOST = "$(BUILT_PRODUCTS_DIR)/UnderTimes.app/UnderTimes";
			};
			name = Release;
		};
		49B416822468556500B2EA91 /* Debug */ = {
			isa = XCBuildConfiguration;
			buildSettings = {
				ALWAYS_EMBED_SWIFT_STANDARD_LIBRARIES = YES;
				CODE_SIGN_STYLE = Automatic;
				DEVELOPMENT_TEAM = 2Y6MEDAL5W;
				INFOPLIST_FILE = UnderTimesUITests/Info.plist;
				LD_RUNPATH_SEARCH_PATHS = (
					"$(inherited)",
					"@executable_path/Frameworks",
					"@loader_path/Frameworks",
				);
				PRODUCT_BUNDLE_IDENTIFIER = com.ssu.UnderTimesUITests;
				PRODUCT_NAME = "$(TARGET_NAME)";
				SWIFT_VERSION = 5.0;
				TARGETED_DEVICE_FAMILY = "1,2";
				TEST_TARGET_NAME = UnderTimes;
			};
			name = Debug;
		};
		49B416832468556500B2EA91 /* Release */ = {
			isa = XCBuildConfiguration;
			buildSettings = {
				ALWAYS_EMBED_SWIFT_STANDARD_LIBRARIES = YES;
				CODE_SIGN_STYLE = Automatic;
				DEVELOPMENT_TEAM = 2Y6MEDAL5W;
				INFOPLIST_FILE = UnderTimesUITests/Info.plist;
				LD_RUNPATH_SEARCH_PATHS = (
					"$(inherited)",
					"@executable_path/Frameworks",
					"@loader_path/Frameworks",
				);
				PRODUCT_BUNDLE_IDENTIFIER = com.ssu.UnderTimesUITests;
				PRODUCT_NAME = "$(TARGET_NAME)";
				SWIFT_VERSION = 5.0;
				TARGETED_DEVICE_FAMILY = "1,2";
				TEST_TARGET_NAME = UnderTimes;
			};
			name = Release;
		};
/* End XCBuildConfiguration section */

/* Begin XCConfigurationList section */
		49B4164C2468556300B2EA91 /* Build configuration list for PBXProject "UnderTimes" */ = {
			isa = XCConfigurationList;
			buildConfigurations = (
				49B416792468556500B2EA91 /* Debug */,
				49B4167A2468556500B2EA91 /* Release */,
			);
			defaultConfigurationIsVisible = 0;
			defaultConfigurationName = Release;
		};
		49B4167B2468556500B2EA91 /* Build configuration list for PBXNativeTarget "UnderTimes" */ = {
			isa = XCConfigurationList;
			buildConfigurations = (
				49B4167C2468556500B2EA91 /* Debug */,
				49B4167D2468556500B2EA91 /* Release */,
			);
			defaultConfigurationIsVisible = 0;
			defaultConfigurationName = Release;
		};
		49B4167E2468556500B2EA91 /* Build configuration list for PBXNativeTarget "UnderTimesTests" */ = {
			isa = XCConfigurationList;
			buildConfigurations = (
				49B4167F2468556500B2EA91 /* Debug */,
				49B416802468556500B2EA91 /* Release */,
			);
			defaultConfigurationIsVisible = 0;
			defaultConfigurationName = Release;
		};
		49B416812468556500B2EA91 /* Build configuration list for PBXNativeTarget "UnderTimesUITests" */ = {
			isa = XCConfigurationList;
			buildConfigurations = (
				49B416822468556500B2EA91 /* Debug */,
				49B416832468556500B2EA91 /* Release */,
			);
			defaultConfigurationIsVisible = 0;
			defaultConfigurationName = Release;
		};
/* End XCConfigurationList section */
	};
	rootObject = 49B416492468556300B2EA91 /* Project object */;
}
